
Microsoft Visual Studio Solution File, Format Version 12.00
# Visual Studio Version 17
VisualStudioVersion = 17.10.35027.167
MinimumVisualStudioVersion = 10.0.40219.1
Project("{FAE04EC0-301F-11D3-BF4B-00C04F79EFBC}") = "gh_Day9_1", "gh_Day9_1.csproj", "{7F428A0E-3479-479F-A508-F813BE59E0AB}"
EndProject
Global
	GlobalSection(SolutionConfigurationPlatforms) = preSolution
		Debug|Any CPU = Debug|Any CPU
		Release|Any CPU = Release|Any CPU
	EndGlobalSection
	GlobalSection(ProjectConfigurationPlatforms) = postSolution
		{7F428A0E-3479-479F-A508-F813BE59E0AB}.Debug|Any CPU.ActiveCfg = Debug|Any CPU
		{7F428A0E-3479-479F-A508-F813BE59E0AB}.Debug|Any CPU.Build.0 = Debug|Any CPU
		{7F428A0E-3479-479F-A508-F813BE59E0AB}.Release|Any CPU.ActiveCfg = Release|Any CPU
		{7F428A0E-3479-479F-A508-F813BE59E0AB}.Release|Any CPU.Build.0 = Release|Any CPU
	EndGlobalSection
	GlobalSection(SolutionProperties) = preSolution
		HideSolutionNode = FALSE
	EndGlobalSection
	GlobalSection(ExtensibilityGlobals) = postSolution
		SolutionGuid = {371D9092-1F71-49B2-9606-9E4D96B93F84}
	EndGlobalSection
EndGlobal
